
Microsoft Visual Studio Solution File, Format Version 12.00
# Visual Studio 14
VisualStudioVersion = 14.0.23107.0
MinimumVisualStudioVersion = 10.0.40219.1
Project("{FAE04EC0-301F-11D3-BF4B-00C04F79EFBC}") = "GitIgnore", "GitIgnore\GitIgnore.csproj", "{6DFEA5FB-DDD9-4301-BB26-FDEC72078E51}"
EndProject
Project("{FAE04EC0-301F-11D3-BF4B-00C04F79EFBC}") = "GitIgnore.Tests", "GitIgnore.Tests\GitIgnore.Tests.csproj", "{BC2BAE3A-570F-48E9-8EBD-C435D85ED71B}"
EndProject
Global
	GlobalSection(SolutionConfigurationPlatforms) = preSolution
		Debug|Any CPU = Debug|Any CPU
		Release|Any CPU = Release|Any CPU
	EndGlobalSection
	GlobalSection(ProjectConfigurationPlatforms) = postSolution
		{6DFEA5FB-DDD9-4301-BB26-FDEC72078E51}.Debug|Any CPU.ActiveCfg = Debug|Any CPU
		{6DFEA5FB-DDD9-4301-BB26-FDEC72078E51}.Debug|Any CPU.Build.0 = Debug|Any CPU
		{6DFEA5FB-DDD9-4301-BB26-FDEC72078E51}.Release|Any CPU.ActiveCfg = Release|Any CPU
		{6DFEA5FB-DDD9-4301-BB26-FDEC72078E51}.Release|Any CPU.Build.0 = Release|Any CPU
		{BC2BAE3A-570F-48E9-8EBD-C435D85ED71B}.Debug|Any CPU.ActiveCfg = Debug|Any CPU
		{BC2BAE3A-570F-48E9-8EBD-C435D85ED71B}.Debug|Any CPU.Build.0 = Debug|Any CPU
		{BC2BAE3A-570F-48E9-8EBD-C435D85ED71B}.Release|Any CPU.ActiveCfg = Release|Any CPU
		{BC2BAE3A-570F-48E9-8EBD-C435D85ED71B}.Release|Any CPU.Build.0 = Release|Any CPU
	EndGlobalSection
	GlobalSection(SolutionProperties) = preSolution
		HideSolutionNode = FALSE
	EndGlobalSection
EndGlobal
